{
  "name": "ts-class",
  "version": "1.0.0",
  "lockfileVersion": 1,
  "requires": true,
  "dependencies": {
    "big.js": {
      "version": "5.2.2",
      "resolved": "https://registry.npmjs.org/big.js/-/big.js-5.2.2.tgz",
      "integrity": "sha512-vyL2OymJxmarO8gxMr0mhChsO9QGwhynfuu4+MHTAW6czfq9humCB7rKpUjDd9YUiDPU4mzpyupFSvOClAwbmQ=="
    },
    "dayjs": {
      "version": "1.11.4",
      "resolved": "https://registry.npmjs.org/dayjs/-/dayjs-1.11.4.tgz",
      "integrity": "sha512-Zj/lPM5hOvQ1Bf7uAvewDaUcsJoI6JmNqmHhHl3nyumwe0XHwt8sWdOVAPACJzCebL8gQCi+K49w7iKWnGwX9g=="
    },
    "el-tree-transfer": {
      "version": "2.4.7",
      "resolved": "https://registry.npmjs.org/el-tree-transfer/-/el-tree-transfer-2.4.7.tgz",
      "integrity": "sha512-wcjQyqzmiJMDhF3qHR1NcqXp27Q65Td1EsMOVkqqOo9Z2mkVC+cGJEu3V4L90x8c1XgEciQL7tMuSjCP7/8G4g==",
      "requires": {
        "lodash": "^4.17.20",
        "wl-core": "^1.1.4"
      }
    },
    "lodash": {
      "version": "4.17.21",
      "resolved": "https://registry.npmjs.org/lodash/-/lodash-4.17.21.tgz",
      "integrity": "sha512-v2kDEe57lecTulaDIuNTPy3Ry4gLGJ6Z1O3vE1krgXZNrsQ+LFTGHVxVjcXPs17LhbZVGedAJv8XZ1tvj5FvSg=="
    },
    "wl-core": {
      "version": "1.1.9",
      "resolved": "https://registry.npmjs.org/wl-core/-/wl-core-1.1.9.tgz",
      "integrity": "sha512-7L83qEnrVW3YmPVqSwnlagoWJyVq/uSXkCFzND64nwtSdDm7o1RZQWiVgQcEilZxE0qLrRQKmjuAihNT6fWCjA==",
      "requires": {
        "big.js": "^5.2.2",
        "dayjs": "^1.8.25"
      }
    }
  }
}
